{
  "name": "CoreNet",
  "version": "0.0.0",
  "lockfileVersion": 2,
  "requires": true,
  "packages": {
    "": {
      "name": "CoreNet",
      "version": "0.0.0",
      "license": "ISC",
      "dependencies": {
        "jsbakery": "^0.0.3"
      }
    },
    "node_modules/jsbakery": {
      "version": "0.0.3",
      "resolved": "https://registry.npmjs.org/jsbakery/-/jsbakery-0.0.3.tgz",
      "integrity": "sha512-ygxVbNJiMEaLry5mfzW+Ihx7VKE3szFFCeDXZ7ciVHsFodaUeLHm1iumghnAHcoCwaww1A9iK/jQYfVImBQk5A=="
    }
  },
  "dependencies": {
    "jsbakery": {
      "version": "0.0.3",
      "resolved": "https://registry.npmjs.org/jsbakery/-/jsbakery-0.0.3.tgz",
      "integrity": "sha512-ygxVbNJiMEaLry5mfzW+Ihx7VKE3szFFCeDXZ7ciVHsFodaUeLHm1iumghnAHcoCwaww1A9iK/jQYfVImBQk5A=="
    }
  }
}
